
Microsoft Visual Studio Solution File, Format Version 12.00
# Visual Studio Version 17
VisualStudioVersion = 17.7.34024.191
MinimumVisualStudioVersion = 10.0.40219.1
Project("{FAE04EC0-301F-11D3-BF4B-00C04F79EFBC}") = "WebScrapper", "WebScrapper.csproj", "{385A09D1-24BB-4514-A08F-F80DA3421F34}"
EndProject
Global
	GlobalSection(SolutionConfigurationPlatforms) = preSolution
		Debug|Any CPU = Debug|Any CPU
		Release|Any CPU = Release|Any CPU
	EndGlobalSection
	GlobalSection(ProjectConfigurationPlatforms) = postSolution
		{385A09D1-24BB-4514-A08F-F80DA3421F34}.Debug|Any CPU.ActiveCfg = Debug|Any CPU
		{385A09D1-24BB-4514-A08F-F80DA3421F34}.Debug|Any CPU.Build.0 = Debug|Any CPU
		{385A09D1-24BB-4514-A08F-F80DA3421F34}.Release|Any CPU.ActiveCfg = Release|Any CPU
		{385A09D1-24BB-4514-A08F-F80DA3421F34}.Release|Any CPU.Build.0 = Release|Any CPU
	EndGlobalSection
	GlobalSection(SolutionProperties) = preSolution
		HideSolutionNode = FALSE
	EndGlobalSection
	GlobalSection(ExtensibilityGlobals) = postSolution
		SolutionGuid = {D0AEC330-FE30-4400-80C3-5B6A19116BFF}
	EndGlobalSection
EndGlobal
